
Microsoft Visual Studio Solution File, Format Version 12.00
# Visual Studio Version 17
VisualStudioVersion = 17.5.002.0
MinimumVisualStudioVersion = 10.0.40219.1
Project("{2150E333-8FDC-42A3-9474-1A3956D46DE8}") = "src", "src", "{E713C39C-8CF2-4E47-9CBE-2FECFDF14E48}"
EndProject
Project("{9A19103F-16F7-4668-BE54-9A1E7A4F7556}") = "Frontend", "src\requests-frontend\Frontend.csproj", "{B26A096C-C708-4217-9403-A01BD6BD9C65}"
EndProject
Global
	GlobalSection(SolutionConfigurationPlatforms) = preSolution
		Debug|Any CPU = Debug|Any CPU
		Release|Any CPU = Release|Any CPU
	EndGlobalSection
	GlobalSection(ProjectConfigurationPlatforms) = postSolution
		{B26A096C-C708-4217-9403-A01BD6BD9C65}.Debug|Any CPU.ActiveCfg = Debug|Any CPU
		{B26A096C-C708-4217-9403-A01BD6BD9C65}.Debug|Any CPU.Build.0 = Debug|Any CPU
		{B26A096C-C708-4217-9403-A01BD6BD9C65}.Release|Any CPU.ActiveCfg = Release|Any CPU
		{B26A096C-C708-4217-9403-A01BD6BD9C65}.Release|Any CPU.Build.0 = Release|Any CPU
	EndGlobalSection
	GlobalSection(SolutionProperties) = preSolution
		HideSolutionNode = FALSE
	EndGlobalSection
	GlobalSection(NestedProjects) = preSolution
		{B26A096C-C708-4217-9403-A01BD6BD9C65} = {E713C39C-8CF2-4E47-9CBE-2FECFDF14E48}
	EndGlobalSection
	GlobalSection(ExtensibilityGlobals) = postSolution
		SolutionGuid = {1AA14989-029A-4BA0-803A-DB22030BE469}
	EndGlobalSection
EndGlobal
